
Microsoft Visual Studio Solution File, Format Version 12.00
# Visual Studio Version 17
VisualStudioVersion = 17.1.32319.34
MinimumVisualStudioVersion = 10.0.40219.1
Project("{9A19103F-16F7-4668-BE54-9A1E7A4F7556}") = "CET.Data", "CET.Data\CET.Data.csproj", "{64CDA843-DC0C-49B8-BC40-520979F0E4BD}"
EndProject
Project("{9A19103F-16F7-4668-BE54-9A1E7A4F7556}") = "CET.Shared", "CET.Shared\CET.Shared.csproj", "{3E0EA5E0-B89C-4544-96EE-B222EC329768}"
EndProject
Project("{9A19103F-16F7-4668-BE54-9A1E7A4F7556}") = "CET.Api", "CET.Api\CET.Api.csproj", "{8CD7DB88-FD28-4E4B-B424-1A080D0DFB0E}"
EndProject
Project("{FAE04EC0-301F-11D3-BF4B-00C04F79EFBC}") = "CET.Business", "CET.Business\CET.Business.csproj", "{4747E23A-0EA7-41A4-988B-9677CEAA60B9}"
EndProject
Global
	GlobalSection(SolutionConfigurationPlatforms) = preSolution
		Debug|Any CPU = Debug|Any CPU
		Release|Any CPU = Release|Any CPU
	EndGlobalSection
	GlobalSection(ProjectConfigurationPlatforms) = postSolution
		{64CDA843-DC0C-49B8-BC40-520979F0E4BD}.Debug|Any CPU.ActiveCfg = Debug|Any CPU
		{64CDA843-DC0C-49B8-BC40-520979F0E4BD}.Debug|Any CPU.Build.0 = Debug|Any CPU
		{64CDA843-DC0C-49B8-BC40-520979F0E4BD}.Release|Any CPU.ActiveCfg = Release|Any CPU
		{64CDA843-DC0C-49B8-BC40-520979F0E4BD}.Release|Any CPU.Build.0 = Release|Any CPU
		{3E0EA5E0-B89C-4544-96EE-B222EC329768}.Debug|Any CPU.ActiveCfg = Debug|Any CPU
		{3E0EA5E0-B89C-4544-96EE-B222EC329768}.Debug|Any CPU.Build.0 = Debug|Any CPU
		{3E0EA5E0-B89C-4544-96EE-B222EC329768}.Release|Any CPU.ActiveCfg = Release|Any CPU
		{3E0EA5E0-B89C-4544-96EE-B222EC329768}.Release|Any CPU.Build.0 = Release|Any CPU
		{8CD7DB88-FD28-4E4B-B424-1A080D0DFB0E}.Debug|Any CPU.ActiveCfg = Debug|Any CPU
		{8CD7DB88-FD28-4E4B-B424-1A080D0DFB0E}.Debug|Any CPU.Build.0 = Debug|Any CPU
		{8CD7DB88-FD28-4E4B-B424-1A080D0DFB0E}.Release|Any CPU.ActiveCfg = Release|Any CPU
		{8CD7DB88-FD28-4E4B-B424-1A080D0DFB0E}.Release|Any CPU.Build.0 = Release|Any CPU
		{4747E23A-0EA7-41A4-988B-9677CEAA60B9}.Debug|Any CPU.ActiveCfg = Debug|Any CPU
		{4747E23A-0EA7-41A4-988B-9677CEAA60B9}.Debug|Any CPU.Build.0 = Debug|Any CPU
		{4747E23A-0EA7-41A4-988B-9677CEAA60B9}.Release|Any CPU.ActiveCfg = Release|Any CPU
		{4747E23A-0EA7-41A4-988B-9677CEAA60B9}.Release|Any CPU.Build.0 = Release|Any CPU
	EndGlobalSection
	GlobalSection(SolutionProperties) = preSolution
		HideSolutionNode = FALSE
	EndGlobalSection
	GlobalSection(ExtensibilityGlobals) = postSolution
		SolutionGuid = {FCDE15DB-CF65-4438-908F-417D26718050}
	EndGlobalSection
EndGlobal
